<?xml version="1.0" encoding="utf-8"?>
<Project ToolsVersion="4.0" xmlns="http://schemas.microsoft.com/developer/msbuild/2003">
  <ItemGroup>
    <ClCompile Include="Databases\StatisticsManager.cpp" />
    <ClCompile Include="Room\Room.cpp" />
    <ClCompile Include="Handlers\RequestHandlerFactory.cpp" />
    <ClCompile Include="Handlers\MenuRequestHandler.cpp" />
    <ClCompile Include="Room\RoomManager.cpp" />
    <ClCompile Include="Databases\SQLiteDatabase.cpp" />
    <ClCompile Include="Databases\SQLiteCallbacks.cpp" />
    <ClCompile Include="Serializing\JsonRequestPacketDeserializer.cpp" />
    <ClCompile Include="Serializing\JsonResponsePacketSerializer.cpp" />
    <ClCompile Include="Login\LoggedUser.cpp" />
    <ClCompile Include="Handlers\LoginRequestHandler.cpp" />
    <ClCompile Include="Communication\Communicator.cpp" />
    <ClCompile Include="Login\LoginManager.cpp" />
    <ClCompile Include="Communication\Helper.cpp" />
    <ClCompile Include="Communication\Server.cpp" />
    <ClCompile Include="lib\WSAInitializer.cpp" />
    <ClCompile Include="lib\sqlite3.c" />
    <ClCompile Include="Handlers\RoomAdminRequestHandler.cpp" />
    <ClCompile Include="Handlers\RoomHandler.cpp" />
    <ClCompile Include="Handlers\RoomMemberRequestHandler.cpp" />
    <ClCompile Include="Handlers\IRequestHandler.cpp" />
    <ClCompile Include="Game\Question.cpp" />
  </ItemGroup>
  <ItemGroup>
    <ClInclude Include="Room\RoomManager.h" />
    <ClInclude Include="Handlers\MenuRequestHandler.h" />
    <ClInclude Include="Databases\SQLiteDatabase.h" />
    <ClInclude Include="Databases\StatisticsManager.h" />
    <ClInclude Include="Databases\IDatabase.h" />
    <ClInclude Include="Databases\SQLiteCallbacks.h" />
    <ClInclude Include="Defines\msgCodes.h" />
    <ClInclude Include="Handlers\RequestHandlerFactory.h" />
    <ClInclude Include="Defines\requests.h" />
    <ClInclude Include="Defines\responses.h" />
    <ClInclude Include="Room\Room.h" />
    <ClInclude Include="Serializing\JsonRequestPacketDeserializer.h" />
    <ClInclude Include="Serializing\JsonResponsePacketSerializer.h" />
    <ClInclude Include="Login\LoggedUser.h" />
    <ClInclude Include="Handlers\IRequestHandler.h" />
    <ClInclude Include="Communication\Communicator.h" />
    <ClInclude Include="Communication\Helper.h" />
    <ClInclude Include="Handlers\LoginRequestHandler.h" />
    <ClInclude Include="Login\LoginManager.h" />
    <ClInclude Include="Communication\Server.h" />
    <ClInclude Include="lib\sqlite3.h" />
    <ClInclude Include="lib\json.h" />
    <ClInclude Include="lib\WSAInitializer.h" />
    <ClInclude Include="Handlers\RoomAdminRequestHandler.h" />
    <ClInclude Include="Handlers\RoomHandler.h" />
    <ClInclude Include="Handlers\RoomMemberRequestHandler.h" />
    <ClInclude Include="Defines\Exceptions.h" />
    <ClInclude Include="Game\Game.h" />
    <ClInclude Include="Game\Question.h" />
  </ItemGroup>
</Project>